
Microsoft Visual Studio Solution File, Format Version 12.00
# Visual Studio Version 17
VisualStudioVersion = 17.3.32929.385
MinimumVisualStudioVersion = 10.0.40219.1
Project("{8BC9CEB8-8B4A-11D0-8D11-00A0C91BC942}") = "practise6", "practise6\practise6.vcxproj", "{A1986D9D-DD34-4EEB-8A02-D0D3E6CF7973}"
EndProject
Global
	GlobalSection(SolutionConfigurationPlatforms) = preSolution
		Debug|x64 = Debug|x64
		Debug|x86 = Debug|x86
		Release|x64 = Release|x64
		Release|x86 = Release|x86
	EndGlobalSection
	GlobalSection(ProjectConfigurationPlatforms) = postSolution
		{A1986D9D-DD34-4EEB-8A02-D0D3E6CF7973}.Debug|x64.ActiveCfg = Debug|x64
		{A1986D9D-DD34-4EEB-8A02-D0D3E6CF7973}.Debug|x64.Build.0 = Debug|x64
		{A1986D9D-DD34-4EEB-8A02-D0D3E6CF7973}.Debug|x86.ActiveCfg = Debug|Win32
		{A1986D9D-DD34-4EEB-8A02-D0D3E6CF7973}.Debug|x86.Build.0 = Debug|Win32
		{A1986D9D-DD34-4EEB-8A02-D0D3E6CF7973}.Release|x64.ActiveCfg = Release|x64
		{A1986D9D-DD34-4EEB-8A02-D0D3E6CF7973}.Release|x64.Build.0 = Release|x64
		{A1986D9D-DD34-4EEB-8A02-D0D3E6CF7973}.Release|x86.ActiveCfg = Release|Win32
		{A1986D9D-DD34-4EEB-8A02-D0D3E6CF7973}.Release|x86.Build.0 = Release|Win32
	EndGlobalSection
	GlobalSection(SolutionProperties) = preSolution
		HideSolutionNode = FALSE
	EndGlobalSection
	GlobalSection(ExtensibilityGlobals) = postSolution
		SolutionGuid = {D0B5D02A-B25B-41C5-AB21-44F0E0C1F020}
	EndGlobalSection
EndGlobal
